// !$*UTF8*$!
{
	archiveVersion = 1;
	classes = {
	};
	objectVersion = 46;
	objects = {

/* Begin PBXBuildFile section */
		63C185E71C8183B800DFC367 /* AppDelegate.swift in Sources */ = {isa = PBXBuildFile; fileRef = 63C185E61C8183B800DFC367 /* AppDelegate.swift */; };
		63C185E91C8183B800DFC367 /* ViewController.swift in Sources */ = {isa = PBXBuildFile; fileRef = 63C185E81C8183B800DFC367 /* ViewController.swift */; };
		63C185EC1C8183B800DFC367 /* Main.storyboard in Resources */ = {isa = PBXBuildFile; fileRef = 63C185EA1C8183B800DFC367 /* Main.storyboard */; };
		63C185EE1C8183B800DFC367 /* Assets.xcassets in Resources */ = {isa = PBXBuildFile; fileRef = 63C185ED1C8183B800DFC367 /* Assets.xcassets */; };
		63C185F91C81859600DFC367 /* OutputViewController.swift in Sources */ = {isa = PBXBuildFile; fileRef = 63C185F81C81859600DFC367 /* OutputViewController.swift */; };
		63C185FB1C818F3200DFC367 /* Launch Screen.storyboard in Resources */ = {isa = PBXBuildFile; fileRef = 63C185FA1C818F3200DFC367 /* Launch Screen.storyboard */; };
		63EFC8CB1C81B85A002B69FE /* IsItOpen.jpg in Resources */ = {isa = PBXBuildFile; fileRef = 63EFC8CA1C81B85A002B69FE /* IsItOpen.jpg */; };

		A6DEBF2E1C81AB5C00F50241 /* Location.swift in Sources */ = {isa = PBXBuildFile; fileRef = A6DEBF2D1C81AB5C00F50241 /* Location.swift */; };
		A6DEBF301C81AC3F00F50241 /* LocationData.swift in Sources */ = {isa = PBXBuildFile; fileRef = A6DEBF2F1C81AC3F00F50241 /* LocationData.swift */; };
/* End PBXBuildFile section */

/* Begin PBXFileReference section */
		63C185E31C8183B800DFC367 /* IsItOpen.app */ = {isa = PBXFileReference; explicitFileType = wrapper.application; includeInIndex = 0; path = IsItOpen.app; sourceTree = BUILT_PRODUCTS_DIR; };
		63C185E61C8183B800DFC367 /* AppDelegate.swift */ = {isa = PBXFileReference; lastKnownFileType = sourcecode.swift; path = AppDelegate.swift; sourceTree = "<group>"; };
		63C185E81C8183B800DFC367 /* ViewController.swift */ = {isa = PBXFileReference; lastKnownFileType = sourcecode.swift; path = ViewController.swift; sourceTree = "<group>"; };
		63C185EB1C8183B800DFC367 /* Base */ = {isa = PBXFileReference; lastKnownFileType = file.storyboard; name = Base; path = Base.lproj/Main.storyboard; sourceTree = "<group>"; };
		63C185ED1C8183B800DFC367 /* Assets.xcassets */ = {isa = PBXFileReference; lastKnownFileType = folder.assetcatalog; path = Assets.xcassets; sourceTree = "<group>"; };
		63C185F21C8183B800DFC367 /* Info.plist */ = {isa = PBXFileReference; lastKnownFileType = text.plist.xml; path = Info.plist; sourceTree = "<group>"; };
		63C185F81C81859600DFC367 /* OutputViewController.swift */ = {isa = PBXFileReference; fileEncoding = 4; lastKnownFileType = sourcecode.swift; path = OutputViewController.swift; sourceTree = "<group>"; };
		63C185FA1C818F3200DFC367 /* Launch Screen.storyboard */ = {isa = PBXFileReference; fileEncoding = 4; lastKnownFileType = file.storyboard; path = "Launch Screen.storyboard"; sourceTree = "<group>"; };
		63EFC8CA1C81B85A002B69FE /* IsItOpen.jpg */ = {isa = PBXFileReference; lastKnownFileType = image.jpeg; path = IsItOpen.jpg; sourceTree = "<group>"; };
		A6DEBF2D1C81AB5C00F50241 /* Location.swift */ = {isa = PBXFileReference; fileEncoding = 4; lastKnownFileType = sourcecode.swift; path = Location.swift; sourceTree = "<group>"; };
		A6DEBF2F1C81AC3F00F50241 /* LocationData.swift */ = {isa = PBXFileReference; fileEncoding = 4; lastKnownFileType = sourcecode.swift; path = LocationData.swift; sourceTree = "<group>"; };
/* End PBXFileReference section */

/* Begin PBXFrameworksBuildPhase section */
		63C185E01C8183B800DFC367 /* Frameworks */ = {
			isa = PBXFrameworksBuildPhase;
			buildActionMask = 2147483647;
			files = (
			);
			runOnlyForDeploymentPostprocessing = 0;
		};
/* End PBXFrameworksBuildPhase section */

/* Begin PBXGroup section */
		63C185DA1C8183B800DFC367 = {
			isa = PBXGroup;
			children = (
				63C185E51C8183B800DFC367 /* IsItOpen */,
				63C185E41C8183B800DFC367 /* Products */,
			);
			sourceTree = "<group>";
		};
		63C185E41C8183B800DFC367 /* Products */ = {
			isa = PBXGroup;
			children = (
				63C185E31C8183B800DFC367 /* IsItOpen.app */,
			);
			name = Products;
			sourceTree = "<group>";
		};
		63C185E51C8183B800DFC367 /* IsItOpen */ = {
			isa = PBXGroup;
			children = (
				63C185E61C8183B800DFC367 /* AppDelegate.swift */,
				63C185E81C8183B800DFC367 /* ViewController.swift */,
				A6DEBF2D1C81AB5C00F50241 /* Location.swift */,
				A6DEBF2F1C81AC3F00F50241 /* LocationData.swift */,
				63C185F81C81859600DFC367 /* OutputViewController.swift */,
				63C185EA1C8183B800DFC367 /* Main.storyboard */,
				63C185ED1C8183B800DFC367 /* Assets.xcassets */,
				63EFC8CA1C81B85A002B69FE /* IsItOpen.jpg */,
				63C185FA1C818F3200DFC367 /* Launch Screen.storyboard */,
				63C185F21C8183B800DFC367 /* Info.plist */,
			);
			path = IsItOpen;
			sourceTree = "<group>";
		};
/* End PBXGroup section */

/* Begin PBXNativeTarget section */
		63C185E21C8183B800DFC367 /* IsItOpen */ = {
			isa = PBXNativeTarget;
			buildConfigurationList = 63C185F51C8183B800DFC367 /* Build configuration list for PBXNativeTarget "IsItOpen" */;
			buildPhases = (
				63C185DF1C8183B800DFC367 /* Sources */,
				63C185E01C8183B800DFC367 /* Frameworks */,
				63C185E11C8183B800DFC367 /* Resources */,
			);
			buildRules = (
			);
			dependencies = (
			);
			name = IsItOpen;
			productName = IsItOpen;
			productReference = 63C185E31C8183B800DFC367 /* IsItOpen.app */;
			productType = "com.apple.product-type.application";
		};
/* End PBXNativeTarget section */

/* Begin PBXProject section */
		63C185DB1C8183B800DFC367 /* Project object */ = {
			isa = PBXProject;
			attributes = {
				LastSwiftUpdateCheck = 0720;
				LastUpgradeCheck = 0720;
				ORGANIZATIONNAME = "Simon Zhou";
				TargetAttributes = {
					63C185E21C8183B800DFC367 = {
						CreatedOnToolsVersion = 7.2;
					};
				};
			};
			buildConfigurationList = 63C185DE1C8183B800DFC367 /* Build configuration list for PBXProject "IsItOpen" */;
			compatibilityVersion = "Xcode 3.2";
			developmentRegion = English;
			hasScannedForEncodings = 0;
			knownRegions = (
				en,
				Base,
			);
			mainGroup = 63C185DA1C8183B800DFC367;
			productRefGroup = 63C185E41C8183B800DFC367 /* Products */;
			projectDirPath = "";
			projectRoot = "";
			targets = (
				63C185E21C8183B800DFC367 /* IsItOpen */,
			);
		};
/* End PBXProject section */

/* Begin PBXResourcesBuildPhase section */
		63C185E11C8183B800DFC367 /* Resources */ = {
			isa = PBXResourcesBuildPhase;
			buildActionMask = 2147483647;
			files = (
				63C185EE1C8183B800DFC367 /* Assets.xcassets in Resources */,
				63C185FB1C818F3200DFC367 /* Launch Screen.storyboard in Resources */,
				63EFC8CB1C81B85A002B69FE /* IsItOpen.jpg in Resources */,
				63C185EC1C8183B800DFC367 /* Main.storyboard in Resources */,
			);
			runOnlyForDeploymentPostprocessing = 0;
		};
/* End PBXResourcesBuildPhase section */

/* Begin PBXSourcesBuildPhase section */
		63C185DF1C8183B800DFC367 /* Sources */ = {
			isa = PBXSourcesBuildPhase;
			buildActionMask = 2147483647;
			files = (
				63C185E91C8183B800DFC367 /* ViewController.swift in Sources */,
				63C185F91C81859600DFC367 /* OutputViewController.swift in Sources */,
				A6DEBF2E1C81AB5C00F50241 /* Location.swift in Sources */,
				63C185E71C8183B800DFC367 /* AppDelegate.swift in Sources */,
				A6DEBF301C81AC3F00F50241 /* LocationData.swift in Sources */,
			);
			runOnlyForDeploymentPostprocessing = 0;
		};
/* End PBXSourcesBuildPhase section */

/* Begin PBXVariantGroup section */
		63C185EA1C8183B800DFC367 /* Main.storyboard */ = {
			isa = PBXVariantGroup;
			children = (
				63C185EB1C8183B800DFC367 /* Base */,
			);
			name = Main.storyboard;
			sourceTree = "<group>";
		};
/* End PBXVariantGroup section */

/* Begin XCBuildConfiguration section */
		63C185F31C8183B800DFC367 /* Debug */ = {
			isa = XCBuildConfiguration;
			buildSettings = {
				ALWAYS_SEARCH_USER_PATHS = NO;
				CLANG_CXX_LANGUAGE_STANDARD = "gnu++0x";
				CLANG_CXX_LIBRARY = "libc++";
				CLANG_ENABLE_MODULES = YES;
				CLANG_ENABLE_OBJC_ARC = YES;
				CLANG_WARN_BOOL_CONVERSION = YES;
				CLANG_WARN_CONSTANT_CONVERSION = YES;
				CLANG_WARN_DIRECT_OBJC_ISA_USAGE = YES_ERROR;
				CLANG_WARN_EMPTY_BODY = YES;
				CLANG_WARN_ENUM_CONVERSION = YES;
				CLANG_WARN_INT_CONVERSION = YES;
				CLANG_WARN_OBJC_ROOT_CLASS = YES_ERROR;
				CLANG_WARN_UNREACHABLE_CODE = YES;
				CLANG_WARN__DUPLICATE_METHOD_MATCH = YES;
				"CODE_SIGN_IDENTITY[sdk=iphoneos*]" = "iPhone Developer";
				COPY_PHASE_STRIP = NO;
				DEBUG_INFORMATION_FORMAT = dwarf;
				ENABLE_STRICT_OBJC_MSGSEND = YES;
				ENABLE_TESTABILITY = YES;
				GCC_C_LANGUAGE_STANDARD = gnu99;
				GCC_DYNAMIC_NO_PIC = NO;
				GCC_NO_COMMON_BLOCKS = YES;
				GCC_OPTIMIZATION_LEVEL = 0;
				GCC_PREPROCESSOR_DEFINITIONS = (
					"DEBUG=1",
					"$(inherited)",
				);
				GCC_WARN_64_TO_32_BIT_CONVERSION = YES;
				GCC_WARN_ABOUT_RETURN_TYPE = YES_ERROR;
				GCC_WARN_UNDECLARED_SELECTOR = YES;
				GCC_WARN_UNINITIALIZED_AUTOS = YES_AGGRESSIVE;
				GCC_WARN_UNUSED_FUNCTION = YES;
				GCC_WARN_UNUSED_VARIABLE = YES;
				IPHONEOS_DEPLOYMENT_TARGET = 9.2;
				MTL_ENABLE_DEBUG_INFO = YES;
				ONLY_ACTIVE_ARCH = YES;
				SDKROOT = iphoneos;
				SWIFT_OPTIMIZATION_LEVEL = "-Onone";
			};
			name = Debug;
		};
		63C185F41C8183B800DFC367 /* Release */ = {
			isa = XCBuildConfiguration;
			buildSettings = {
				ALWAYS_SEARCH_USER_PATHS = NO;
				CLANG_CXX_LANGUAGE_STANDARD = "gnu++0x";
				CLANG_CXX_LIBRARY = "libc++";
				CLANG_ENABLE_MODULES = YES;
				CLANG_ENABLE_OBJC_ARC = YES;
				CLANG_WARN_BOOL_CONVERSION = YES;
				CLANG_WARN_CONSTANT_CONVERSION = YES;
				CLANG_WARN_DIRECT_OBJC_ISA_USAGE = YES_ERROR;
				CLANG_WARN_EMPTY_BODY = YES;
				CLANG_WARN_ENUM_CONVERSION = YES;
				CLANG_WARN_INT_CONVERSION = YES;
				CLANG_WARN_OBJC_ROOT_CLASS = YES_ERROR;
				CLANG_WARN_UNREACHABLE_CODE = YES;
				CLANG_WARN__DUPLICATE_METHOD_MATCH = YES;
				"CODE_SIGN_IDENTITY[sdk=iphoneos*]" = "iPhone Developer";
				COPY_PHASE_STRIP = NO;
				DEBUG_INFORMATION_FORMAT = "dwarf-with-dsym";
				ENABLE_NS_ASSERTIONS = NO;
				ENABLE_STRICT_OBJC_MSGSEND = YES;
				GCC_C_LANGUAGE_STANDARD = gnu99;
				GCC_NO_COMMON_BLOCKS = YES;
				GCC_WARN_64_TO_32_BIT_CONVERSION = YES;
				GCC_WARN_ABOUT_RETURN_TYPE = YES_ERROR;
				GCC_WARN_UNDECLARED_SELECTOR = YES;
				GCC_WARN_UNINITIALIZED_AUTOS = YES_AGGRESSIVE;
				GCC_WARN_UNUSED_FUNCTION = YES;
				GCC_WARN_UNUSED_VARIABLE = YES;
				IPHONEOS_DEPLOYMENT_TARGET = 9.2;
				MTL_ENABLE_DEBUG_INFO = NO;
				SDKROOT = iphoneos;
				VALIDATE_PRODUCT = YES;
			};
			name = Release;
		};
		63C185F61C8183B800DFC367 /* Debug */ = {
			isa = XCBuildConfiguration;
			buildSettings = {
				ASSETCATALOG_COMPILER_APPICON_NAME = AppIcon;
				INFOPLIST_FILE = IsItOpen/Info.plist;
				LD_RUNPATH_SEARCH_PATHS = "$(inherited) @executable_path/Frameworks";
				PRODUCT_BUNDLE_IDENTIFIER = com.simonzhou.IsItOpen;
				PRODUCT_NAME = "$(TARGET_NAME)";
			};
			name = Debug;
		};
		63C185F71C8183B800DFC367 /* Release */ = {
			isa = XCBuildConfiguration;
			buildSettings = {
				ASSETCATALOG_COMPILER_APPICON_NAME = AppIcon;
				INFOPLIST_FILE = IsItOpen/Info.plist;
				LD_RUNPATH_SEARCH_PATHS = "$(inherited) @executable_path/Frameworks";
				PRODUCT_BUNDLE_IDENTIFIER = com.simonzhou.IsItOpen;
				PRODUCT_NAME = "$(TARGET_NAME)";
			};
			name = Release;
		};
/* End XCBuildConfiguration section */

/* Begin XCConfigurationList section */
		63C185DE1C8183B800DFC367 /* Build configuration list for PBXProject "IsItOpen" */ = {
			isa = XCConfigurationList;
			buildConfigurations = (
				63C185F31C8183B800DFC367 /* Debug */,
				63C185F41C8183B800DFC367 /* Release */,
			);
			defaultConfigurationIsVisible = 0;
			defaultConfigurationName = Release;
		};
		63C185F51C8183B800DFC367 /* Build configuration list for PBXNativeTarget "IsItOpen" */ = {
			isa = XCConfigurationList;
			buildConfigurations = (
				63C185F61C8183B800DFC367 /* Debug */,
				63C185F71C8183B800DFC367 /* Release */,
			);
			defaultConfigurationIsVisible = 0;
			defaultConfigurationName = Release;
		};
/* End XCConfigurationList section */
	};
	rootObject = 63C185DB1C8183B800DFC367 /* Project object */;
}
